// !$*UTF8*$!
{
	archiveVersion = 1;
	classes = {
	};
	objectVersion = 46;
	objects = {

/* Begin PBXBuildFile section */
		A2035198196D952E008389D7 /* main.swift in Sources */ = {isa = PBXBuildFile; fileRef = A2035197196D952E008389D7 /* main.swift */; };
		A203519D196D9AC9008389D7 /* CryptoCoin.framework in Frameworks */ = {isa = PBXBuildFile; fileRef = A2532346196AA66800A58B0D /* CryptoCoin.framework */; };
		A21CE4E4198D8CAD00ECFB87 /* ECurve.framework in Frameworks */ = {isa = PBXBuildFile; fileRef = A21CE4E3198D8CAD00ECFB87 /* ECurve.framework */; };
		A2230F95197E8C4F003C178C /* CryptoCoin.framework in Frameworks */ = {isa = PBXBuildFile; fileRef = A2532346196AA66800A58B0D /* CryptoCoin.framework */; };
		A2242E9A1999295000B9B87F /* ECKeyTests.swift in Sources */ = {isa = PBXBuildFile; fileRef = A258B4321962EADE00CD0B09 /* ECKeyTests.swift */; };
		A226903F1962E2F800291D7A /* CryptoCoin.h in Headers */ = {isa = PBXBuildFile; fileRef = A226903E1962E2F800291D7A /* CryptoCoin.h */; settings = {ATTRIBUTES = (Public, ); }; };
		A226905A1962E41500291D7A /* ECKey.swift in Sources */ = {isa = PBXBuildFile; fileRef = A22690591962E41500291D7A /* ECKey.swift */; };
		A226906A1962E51700291D7A /* CoinKey.swift in Sources */ = {isa = PBXBuildFile; fileRef = A22690691962E51700291D7A /* CoinKey.swift */; };
		A22FAE3D1998EAA300B50398 /* TransactionScript.swift in Sources */ = {isa = PBXBuildFile; fileRef = A22FAE3C1998EAA300B50398 /* TransactionScript.swift */; };
		A22FAE441998F55000B50398 /* TransactionScriptTests.swift in Sources */ = {isa = PBXBuildFile; fileRef = A22FAE3F1998EDAF00B50398 /* TransactionScriptTests.swift */; };
		A22FAE4B1999006A00B50398 /* CoinKeyTests.swift in Sources */ = {isa = PBXBuildFile; fileRef = A203518F196D91E7008389D7 /* CoinKeyTests.swift */; };
		A253234B196AA66800A58B0D /* CryptoCoinMac.h in Headers */ = {isa = PBXBuildFile; fileRef = A253234A196AA66800A58B0D /* CryptoCoinMac.h */; settings = {ATTRIBUTES = (Public, ); }; };
		A2532367196AA7A800A58B0D /* CoinKey.swift in Sources */ = {isa = PBXBuildFile; fileRef = A22690691962E51700291D7A /* CoinKey.swift */; };
		A2532368196AA7AA00A58B0D /* ECKey.swift in Sources */ = {isa = PBXBuildFile; fileRef = A22690591962E41500291D7A /* ECKey.swift */; };
		A2532383196ACF3D00A58B0D /* SystemConfiguration.framework in Frameworks */ = {isa = PBXBuildFile; fileRef = A2532382196ACF3D00A58B0D /* SystemConfiguration.framework */; };
		A268523E198E6A2900792E37 /* SHA256Mac.framework in Frameworks */ = {isa = PBXBuildFile; fileRef = A268523D198E6A2900792E37 /* SHA256Mac.framework */; };
		A289AB6F198E6D9100F93419 /* RIPEMD.framework in Frameworks */ = {isa = PBXBuildFile; fileRef = A289AB6E198E6D9100F93419 /* RIPEMD.framework */; };
		A289AB7F198E708300F93419 /* SystemConfiguration.framework in Frameworks */ = {isa = PBXBuildFile; fileRef = A2ECC6B1198D8EA200877647 /* SystemConfiguration.framework */; };
		A2C94ADB198E37690066ADE0 /* ECurve.framework in Frameworks */ = {isa = PBXBuildFile; fileRef = A2C94ADA198E37690066ADE0 /* ECurve.framework */; };
		A2FC316019911EE800B7EDFD /* Bitcoin.swift in Sources */ = {isa = PBXBuildFile; fileRef = A2FC315F19911EE800B7EDFD /* Bitcoin.swift */; };
		A2FC316119911EE800B7EDFD /* Bitcoin.swift in Sources */ = {isa = PBXBuildFile; fileRef = A2FC315F19911EE800B7EDFD /* Bitcoin.swift */; };
		A2FC3165199124CD00B7EDFD /* BitcoinTestnet.swift in Sources */ = {isa = PBXBuildFile; fileRef = A2FC3164199124CD00B7EDFD /* BitcoinTestnet.swift */; };
		A2FC3166199124CD00B7EDFD /* BitcoinTestnet.swift in Sources */ = {isa = PBXBuildFile; fileRef = A2FC3164199124CD00B7EDFD /* BitcoinTestnet.swift */; };
/* End PBXBuildFile section */

/* Begin PBXContainerItemProxy section */
		A2230F96197E8C4F003C178C /* PBXContainerItemProxy */ = {
			isa = PBXContainerItemProxy;
			containerPortal = A22690301962E2F800291D7A /* Project object */;
			proxyType = 1;
			remoteGlobalIDString = A2532345196AA66800A58B0D;
			remoteInfo = CryptoCoinMac;
		};
		A27564EA198E35D400284307 /* PBXContainerItemProxy */ = {
			isa = PBXContainerItemProxy;
			containerPortal = A22690301962E2F800291D7A /* Project object */;
			proxyType = 1;
			remoteGlobalIDString = A2532345196AA66800A58B0D;
			remoteInfo = CryptoCoinMac;
		};
		A27564EC198E35D400284307 /* PBXContainerItemProxy */ = {
			isa = PBXContainerItemProxy;
			containerPortal = A22690301962E2F800291D7A /* Project object */;
			proxyType = 1;
			remoteGlobalIDString = A2532345196AA66800A58B0D;
			remoteInfo = CryptoCoinMac;
		};
		A28214711992D29A000D6709 /* PBXContainerItemProxy */ = {
			isa = PBXContainerItemProxy;
			containerPortal = A22690301962E2F800291D7A /* Project object */;
			proxyType = 1;
			remoteGlobalIDString = A2532345196AA66800A58B0D;
			remoteInfo = CryptoCoinMac;
		};
/* End PBXContainerItemProxy section */

/* Begin PBXCopyFilesBuildPhase section */
		A2035193196D952E008389D7 /* CopyFiles */ = {
			isa = PBXCopyFilesBuildPhase;
			buildActionMask = 2147483647;
			dstPath = /usr/share/man/man1/;
			dstSubfolderSpec = 0;
			files = (
			);
			runOnlyForDeploymentPostprocessing = 1;
		};
/* End PBXCopyFilesBuildPhase section */

/* Begin PBXFileReference section */
		A203518F196D91E7008389D7 /* CoinKeyTests.swift */ = {isa = PBXFileReference; fileEncoding = 4; lastKnownFileType = sourcecode.swift; name = CoinKeyTests.swift; path = CoinKey/CoinKeyTests.swift; sourceTree = "<group>"; };
		A2035195196D952E008389D7 /* DemoMac */ = {isa = PBXFileReference; explicitFileType = "compiled.mach-o.executable"; includeInIndex = 0; path = DemoMac; sourceTree = BUILT_PRODUCTS_DIR; };
		A2035197196D952E008389D7 /* main.swift */ = {isa = PBXFileReference; lastKnownFileType = sourcecode.swift; path = main.swift; sourceTree = "<group>"; };
		A21CE4E3198D8CAD00ECFB87 /* ECurve.framework */ = {isa = PBXFileReference; lastKnownFileType = wrapper.framework; name = ECurve.framework; path = CoinKey/ECKey/ECurve/build/Fast/ECurve.framework; sourceTree = "<group>"; };
		A2230F8F197E8C4F003C178C /* CryptoCoin Mac Tests.xctest */ = {isa = PBXFileReference; explicitFileType = wrapper.cfbundle; includeInIndex = 0; path = "CryptoCoin Mac Tests.xctest"; sourceTree = BUILT_PRODUCTS_DIR; };
		A2230F92197E8C4F003C178C /* Info.plist */ = {isa = PBXFileReference; lastKnownFileType = text.plist; name = Info.plist; path = "CryptoCoin Mac Tests/Info.plist"; sourceTree = "<group>"; };
		A22690391962E2F800291D7A /* CryptoCoin-iOs.framework */ = {isa = PBXFileReference; explicitFileType = wrapper.framework; includeInIndex = 0; path = "CryptoCoin-iOs.framework"; sourceTree = BUILT_PRODUCTS_DIR; };
		A226903D1962E2F800291D7A /* Info.plist */ = {isa = PBXFileReference; lastKnownFileType = text.plist.xml; path = Info.plist; sourceTree = "<group>"; };
		A226903E1962E2F800291D7A /* CryptoCoin.h */ = {isa = PBXFileReference; lastKnownFileType = sourcecode.c.h; path = CryptoCoin.h; sourceTree = "<group>"; };
		A22690591962E41500291D7A /* ECKey.swift */ = {isa = PBXFileReference; fileEncoding = 4; lastKnownFileType = sourcecode.swift; name = ECKey.swift; path = CoinKey/ECKey/ECKey.swift; sourceTree = SOURCE_ROOT; };
		A22690691962E51700291D7A /* CoinKey.swift */ = {isa = PBXFileReference; fileEncoding = 4; lastKnownFileType = sourcecode.swift; name = CoinKey.swift; path = CoinKey/CoinKey.swift; sourceTree = SOURCE_ROOT; };
		A22FAE3C1998EAA300B50398 /* TransactionScript.swift */ = {isa = PBXFileReference; fileEncoding = 4; lastKnownFileType = sourcecode.swift; name = TransactionScript.swift; path = CoinKey/TransactionScript.swift; sourceTree = SOURCE_ROOT; };
		A22FAE3F1998EDAF00B50398 /* TransactionScriptTests.swift */ = {isa = PBXFileReference; fileEncoding = 4; lastKnownFileType = sourcecode.swift; name = TransactionScriptTests.swift; path = CoinKey/TransactionScriptTests.swift; sourceTree = "<group>"; };
		A2532346196AA66800A58B0D /* CryptoCoin.framework */ = {isa = PBXFileReference; explicitFileType = wrapper.framework; includeInIndex = 0; path = CryptoCoin.framework; sourceTree = BUILT_PRODUCTS_DIR; };
		A2532349196AA66800A58B0D /* Info.plist */ = {isa = PBXFileReference; lastKnownFileType = text.plist.xml; path = Info.plist; sourceTree = "<group>"; };
		A253234A196AA66800A58B0D /* CryptoCoinMac.h */ = {isa = PBXFileReference; lastKnownFileType = sourcecode.c.h; path = CryptoCoinMac.h; sourceTree = "<group>"; };
		A2532382196ACF3D00A58B0D /* SystemConfiguration.framework */ = {isa = PBXFileReference; lastKnownFileType = wrapper.framework; name = SystemConfiguration.framework; path = Platforms/MacOSX.platform/Developer/SDKs/MacOSX10.10.sdk/System/Library/Frameworks/SystemConfiguration.framework; sourceTree = DEVELOPER_DIR; };
		A258B4321962EADE00CD0B09 /* ECKeyTests.swift */ = {isa = PBXFileReference; fileEncoding = 4; lastKnownFileType = sourcecode.swift; name = ECKeyTests.swift; path = CoinKey/ECKey/ECKeyTests.swift; sourceTree = "<group>"; };
		A25C7E9B198E39C4001EFE74 /* ECurve.framework */ = {isa = PBXFileReference; explicitFileType = wrapper.framework; name = ECurve.framework; path = "/Users/sjors/Library/Developer/Xcode/DerivedData/CryptoCoin-cadqtkjddyxnvifzywgwuowujdvv/Build/Products/Debug-iphoneos/ECurve.framework"; sourceTree = "<absolute>"; };
		A268523D198E6A2900792E37 /* SHA256Mac.framework */ = {isa = PBXFileReference; lastKnownFileType = wrapper.framework; name = SHA256Mac.framework; path = "CoinKey/SHA256-Swift/build/Debug/SHA256Mac.framework"; sourceTree = "<group>"; };
		A27564E7198E35C200284307 /* UInt256.framework */ = {isa = PBXFileReference; explicitFileType = wrapper.framework; name = UInt256.framework; path = "/Users/sjors/Library/Developer/Xcode/DerivedData/CryptoCoin-cadqtkjddyxnvifzywgwuowujdvv/Build/Products/Debug-iphoneos/UInt256.framework"; sourceTree = "<absolute>"; };
		A289AB6E198E6D9100F93419 /* RIPEMD.framework */ = {isa = PBXFileReference; lastKnownFileType = wrapper.framework; name = RIPEMD.framework; path = "../../../../Library/Developer/Xcode/DerivedData/CryptoCoin-cadqtkjddyxnvifzywgwuowujdvv/Build/Products/Debug/RIPEMD.framework"; sourceTree = "<group>"; };
		A289AB7D198E705D00F93419 /* libcommonCrypto.dylib */ = {isa = PBXFileReference; lastKnownFileType = "compiled.mach-o.dylib"; name = libcommonCrypto.dylib; path = usr/lib/system/libcommonCrypto.dylib; sourceTree = SDKROOT; };
		A29C003E196D93B500B794CD /* Foundation.framework */ = {isa = PBXFileReference; lastKnownFileType = wrapper.framework; name = Foundation.framework; path = System/Library/Frameworks/Foundation.framework; sourceTree = SDKROOT; };
		A2BB972C198D934C00CE31AF /* Info.plist */ = {isa = PBXFileReference; lastKnownFileType = text.plist.xml; name = Info.plist; path = Demo/Info.plist; sourceTree = "<group>"; };
		A2C94ADA198E37690066ADE0 /* ECurve.framework */ = {isa = PBXFileReference; lastKnownFileType = wrapper.framework; name = ECurve.framework; path = "../../../../Library/Developer/Xcode/DerivedData/CryptoCoin-cadqtkjddyxnvifzywgwuowujdvv/Build/Products/Fast-iphoneos/ECurve.framework"; sourceTree = "<group>"; };
		A2ECC6B1198D8EA200877647 /* SystemConfiguration.framework */ = {isa = PBXFileReference; lastKnownFileType = wrapper.framework; name = SystemConfiguration.framework; path = System/Library/Frameworks/SystemConfiguration.framework; sourceTree = SDKROOT; };
		A2F8DE4A19903E5C0040BBB1 /* Bitcoin doc.playground */ = {isa = PBXFileReference; lastKnownFileType = file.playground; path = "Bitcoin doc.playground"; sourceTree = "<group>"; };
		A2FC315F19911EE800B7EDFD /* Bitcoin.swift */ = {isa = PBXFileReference; fileEncoding = 4; lastKnownFileType = sourcecode.swift; name = Bitcoin.swift; path = CoinKey/Currencies/Bitcoin.swift; sourceTree = "<group>"; };
		A2FC3164199124CD00B7EDFD /* BitcoinTestnet.swift */ = {isa = PBXFileReference; fileEncoding = 4; lastKnownFileType = sourcecode.swift; name = BitcoinTestnet.swift; path = CoinKey/Currencies/BitcoinTestnet.swift; sourceTree = "<group>"; };
/* End PBXFileReference section */

/* Begin PBXFrameworksBuildPhase section */
		A2035192196D952E008389D7 /* Frameworks */ = {
			isa = PBXFrameworksBuildPhase;
			buildActionMask = 2147483647;
			files = (
				A203519D196D9AC9008389D7 /* CryptoCoin.framework in Frameworks */,
			);
			runOnlyForDeploymentPostprocessing = 0;
		};
		A2230F8C197E8C4F003C178C /* Frameworks */ = {
			isa = PBXFrameworksBuildPhase;
			buildActionMask = 2147483647;
			files = (
				A2230F95197E8C4F003C178C /* CryptoCoin.framework in Frameworks */,
			);
			runOnlyForDeploymentPostprocessing = 0;
		};
		A22690351962E2F800291D7A /* Frameworks */ = {
			isa = PBXFrameworksBuildPhase;
			buildActionMask = 2147483647;
			files = (
				A289AB7F198E708300F93419 /* SystemConfiguration.framework in Frameworks */,
				A2C94ADB198E37690066ADE0 /* ECurve.framework in Frameworks */,
			);
			runOnlyForDeploymentPostprocessing = 0;
		};
		A2532342196AA66800A58B0D /* Frameworks */ = {
			isa = PBXFrameworksBuildPhase;
			buildActionMask = 2147483647;
			files = (
				A289AB6F198E6D9100F93419 /* RIPEMD.framework in Frameworks */,
				A268523E198E6A2900792E37 /* SHA256Mac.framework in Frameworks */,
				A21CE4E4198D8CAD00ECFB87 /* ECurve.framework in Frameworks */,
				A2532383196ACF3D00A58B0D /* SystemConfiguration.framework in Frameworks */,
			);
			runOnlyForDeploymentPostprocessing = 0;
		};
/* End PBXFrameworksBuildPhase section */

/* Begin PBXGroup section */
		A2035196196D952E008389D7 /* Demo-Mac */ = {
			isa = PBXGroup;
			children = (
				A2035197196D952E008389D7 /* main.swift */,
			);
			name = "Demo-Mac";
			path = Demo;
			sourceTree = "<group>";
		};
		A226902F1962E2F800291D7A = {
			isa = PBXGroup;
			children = (
				A2F8DE4A19903E5C0040BBB1 /* Bitcoin doc.playground */,
				A2035196196D952E008389D7 /* Demo-Mac */,
				A2FC315E19911EBC00B7EDFD /* Currencies */,
				A226905B1962E42300291D7A /* Classes */,
				A258B4351962EAE300CD0B09 /* Tests */,
				A253235F196AA6A600A58B0D /* Supporting Files */,
				A22690681962E4A000291D7A /* Frameworks */,
				A226903A1962E2F800291D7A /* Products */,
			);
			sourceTree = "<group>";
		};
		A226903A1962E2F800291D7A /* Products */ = {
			isa = PBXGroup;
			children = (
				A22690391962E2F800291D7A /* CryptoCoin-iOs.framework */,
				A2532346196AA66800A58B0D /* CryptoCoin.framework */,
				A2035195196D952E008389D7 /* DemoMac */,
				A2230F8F197E8C4F003C178C /* CryptoCoin Mac Tests.xctest */,
			);
			name = Products;
			sourceTree = "<group>";
		};
		A226903B1962E2F800291D7A /* CryptoCoin */ = {
			isa = PBXGroup;
			children = (
				A226903E1962E2F800291D7A /* CryptoCoin.h */,
				A226903D1962E2F800291D7A /* Info.plist */,
			);
			path = CryptoCoin;
			sourceTree = "<group>";
		};
		A226905B1962E42300291D7A /* Classes */ = {
			isa = PBXGroup;
			children = (
				A22690691962E51700291D7A /* CoinKey.swift */,
				A22690591962E41500291D7A /* ECKey.swift */,
				A22FAE3C1998EAA300B50398 /* TransactionScript.swift */,
			);
			name = Classes;
			path = CryptoCoin;
			sourceTree = "<group>";
		};
		A22690681962E4A000291D7A /* Frameworks */ = {
			isa = PBXGroup;
			children = (
				A289AB7D198E705D00F93419 /* libcommonCrypto.dylib */,
				A289AB6E198E6D9100F93419 /* RIPEMD.framework */,
				A268523D198E6A2900792E37 /* SHA256Mac.framework */,
				A25C7E9B198E39C4001EFE74 /* ECurve.framework */,
				A2C94ADA198E37690066ADE0 /* ECurve.framework */,
				A27564E7198E35C200284307 /* UInt256.framework */,
				A2ECC6B1198D8EA200877647 /* SystemConfiguration.framework */,
				A21CE4E3198D8CAD00ECFB87 /* ECurve.framework */,
				A2532382196ACF3D00A58B0D /* SystemConfiguration.framework */,
				A29C003E196D93B500B794CD /* Foundation.framework */,
			);
			name = Frameworks;
			sourceTree = "<group>";
		};
		A2532347196AA66800A58B0D /* CryptoCoinMac */ = {
			isa = PBXGroup;
			children = (
				A2532349196AA66800A58B0D /* Info.plist */,
				A253234A196AA66800A58B0D /* CryptoCoinMac.h */,
			);
			path = CryptoCoinMac;
			sourceTree = "<group>";
		};
		A2532354196AA66800A58B0D /* MacTests */ = {
			isa = PBXGroup;
			children = (
				A2230F92197E8C4F003C178C /* Info.plist */,
			);
			name = MacTests;
			path = CryptoCoinMacTests;
			sourceTree = "<group>";
		};
		A253235F196AA6A600A58B0D /* Supporting Files */ = {
			isa = PBXGroup;
			children = (
				A2BB974A198D93B100CE31AF /* Demo-iOs */,
				A226903B1962E2F800291D7A /* CryptoCoin */,
				A2532347196AA66800A58B0D /* CryptoCoinMac */,
				A2532354196AA66800A58B0D /* MacTests */,
			);
			name = "Supporting Files";
			sourceTree = "<group>";
		};
		A258B4351962EAE300CD0B09 /* Tests */ = {
			isa = PBXGroup;
			children = (
				A258B4321962EADE00CD0B09 /* ECKeyTests.swift */,
				A203518F196D91E7008389D7 /* CoinKeyTests.swift */,
				A22FAE3F1998EDAF00B50398 /* TransactionScriptTests.swift */,
			);
			name = Tests;
			sourceTree = "<group>";
		};
		A2BB974A198D93B100CE31AF /* Demo-iOs */ = {
			isa = PBXGroup;
			children = (
				A2BB972C198D934C00CE31AF /* Info.plist */,
			);
			name = "Demo-iOs";
			sourceTree = "<group>";
		};
		A2FC315E19911EBC00B7EDFD /* Currencies */ = {
			isa = PBXGroup;
			children = (
				A2FC315F19911EE800B7EDFD /* Bitcoin.swift */,
				A2FC3164199124CD00B7EDFD /* BitcoinTestnet.swift */,
			);
			name = Currencies;
			sourceTree = "<group>";
		};
/* End PBXGroup section */

/* Begin PBXHeadersBuildPhase section */
		A22690361962E2F800291D7A /* Headers */ = {
			isa = PBXHeadersBuildPhase;
			buildActionMask = 2147483647;
			files = (
				A226903F1962E2F800291D7A /* CryptoCoin.h in Headers */,
			);
			runOnlyForDeploymentPostprocessing = 0;
		};
		A2532343196AA66800A58B0D /* Headers */ = {
			isa = PBXHeadersBuildPhase;
			buildActionMask = 2147483647;
			files = (
				A253234B196AA66800A58B0D /* CryptoCoinMac.h in Headers */,
			);
			runOnlyForDeploymentPostprocessing = 0;
		};
/* End PBXHeadersBuildPhase section */

/* Begin PBXNativeTarget section */
		A2035194196D952E008389D7 /* DemoMac */ = {
			isa = PBXNativeTarget;
			buildConfigurationList = A2035199196D952E008389D7 /* Build configuration list for PBXNativeTarget "DemoMac" */;
			buildPhases = (
				A2035191196D952E008389D7 /* Sources */,
				A2035192196D952E008389D7 /* Frameworks */,
				A2035193196D952E008389D7 /* CopyFiles */,
			);
			buildRules = (
			);
			dependencies = (
				A28214721992D29A000D6709 /* PBXTargetDependency */,
			);
			name = DemoMac;
			productName = Demo;
			productReference = A2035195196D952E008389D7 /* DemoMac */;
			productType = "com.apple.product-type.tool";
		};
		A2230F8E197E8C4F003C178C /* CryptoCoin Mac Tests */ = {
			isa = PBXNativeTarget;
			buildConfigurationList = A2230F98197E8C4F003C178C /* Build configuration list for PBXNativeTarget "CryptoCoin Mac Tests" */;
			buildPhases = (
				A2230F8B197E8C4F003C178C /* Sources */,
				A2230F8C197E8C4F003C178C /* Frameworks */,
				A2230F8D197E8C4F003C178C /* Resources */,
			);
			buildRules = (
			);
			dependencies = (
				A2230F97197E8C4F003C178C /* PBXTargetDependency */,
				A27564EB198E35D400284307 /* PBXTargetDependency */,
				A27564ED198E35D400284307 /* PBXTargetDependency */,
			);
			name = "CryptoCoin Mac Tests";
			productName = "CryptoCoin Mac Tests";
			productReference = A2230F8F197E8C4F003C178C /* CryptoCoin Mac Tests.xctest */;
			productType = "com.apple.product-type.bundle.unit-test";
		};
		A22690381962E2F800291D7A /* CryptoCoin-iOs */ = {
			isa = PBXNativeTarget;
			buildConfigurationList = A226904F1962E2F800291D7A /* Build configuration list for PBXNativeTarget "CryptoCoin-iOs" */;
			buildPhases = (
				A22690341962E2F800291D7A /* Sources */,
				A22690351962E2F800291D7A /* Frameworks */,
				A22690361962E2F800291D7A /* Headers */,
				A22690371962E2F800291D7A /* Resources */,
			);
			buildRules = (
			);
			dependencies = (
			);
			name = "CryptoCoin-iOs";
			productName = CryptoCoin;
			productReference = A22690391962E2F800291D7A /* CryptoCoin-iOs.framework */;
			productType = "com.apple.product-type.framework";
		};
		A2532345196AA66800A58B0D /* CryptoCoinMac */ = {
			isa = PBXNativeTarget;
			buildConfigurationList = A253235D196AA66800A58B0D /* Build configuration list for PBXNativeTarget "CryptoCoinMac" */;
			buildPhases = (
				A2532341196AA66800A58B0D /* Sources */,
				A2532342196AA66800A58B0D /* Frameworks */,
				A2532343196AA66800A58B0D /* Headers */,
				A2532344196AA66800A58B0D /* Resources */,
			);
			buildRules = (
			);
			dependencies = (
			);
			name = CryptoCoinMac;
			productName = CryptoCoinMac;
			productReference = A2532346196AA66800A58B0D /* CryptoCoin.framework */;
			productType = "com.apple.product-type.framework";
		};
/* End PBXNativeTarget section */

/* Begin PBXProject section */
		A22690301962E2F800291D7A /* Project object */ = {
			isa = PBXProject;
			attributes = {
				LastUpgradeCheck = 0600;
				ORGANIZATIONNAME = "Crypto Coin Swift";
				TargetAttributes = {
					A2035194196D952E008389D7 = {
						CreatedOnToolsVersion = 6.0;
					};
					A2230F8E197E8C4F003C178C = {
						CreatedOnToolsVersion = 6.0;
						TestTargetID = A2532345196AA66800A58B0D;
					};
					A22690381962E2F800291D7A = {
						CreatedOnToolsVersion = 6.0;
					};
					A2532345196AA66800A58B0D = {
						CreatedOnToolsVersion = 6.0;
					};
				};
			};
			buildConfigurationList = A22690331962E2F800291D7A /* Build configuration list for PBXProject "CryptoCoin" */;
			compatibilityVersion = "Xcode 3.2";
			developmentRegion = English;
			hasScannedForEncodings = 0;
			knownRegions = (
				en,
				Base,
			);
			mainGroup = A226902F1962E2F800291D7A;
			productRefGroup = A226903A1962E2F800291D7A /* Products */;
			projectDirPath = "";
			projectRoot = "";
			targets = (
				A22690381962E2F800291D7A /* CryptoCoin-iOs */,
				A2532345196AA66800A58B0D /* CryptoCoinMac */,
				A2035194196D952E008389D7 /* DemoMac */,
				A2230F8E197E8C4F003C178C /* CryptoCoin Mac Tests */,
			);
		};
/* End PBXProject section */

/* Begin PBXResourcesBuildPhase section */
		A2230F8D197E8C4F003C178C /* Resources */ = {
			isa = PBXResourcesBuildPhase;
			buildActionMask = 2147483647;
			files = (
			);
			runOnlyForDeploymentPostprocessing = 0;
		};
		A22690371962E2F800291D7A /* Resources */ = {
			isa = PBXResourcesBuildPhase;
			buildActionMask = 2147483647;
			files = (
			);
			runOnlyForDeploymentPostprocessing = 0;
		};
		A2532344196AA66800A58B0D /* Resources */ = {
			isa = PBXResourcesBuildPhase;
			buildActionMask = 2147483647;
			files = (
			);
			runOnlyForDeploymentPostprocessing = 0;
		};
/* End PBXResourcesBuildPhase section */

/* Begin PBXSourcesBuildPhase section */
		A2035191196D952E008389D7 /* Sources */ = {
			isa = PBXSourcesBuildPhase;
			buildActionMask = 2147483647;
			files = (
				A2035198196D952E008389D7 /* main.swift in Sources */,
			);
			runOnlyForDeploymentPostprocessing = 0;
		};
		A2230F8B197E8C4F003C178C /* Sources */ = {
			isa = PBXSourcesBuildPhase;
			buildActionMask = 2147483647;
			files = (
				A22FAE441998F55000B50398 /* TransactionScriptTests.swift in Sources */,
				A2242E9A1999295000B9B87F /* ECKeyTests.swift in Sources */,
				A22FAE4B1999006A00B50398 /* CoinKeyTests.swift in Sources */,
			);
			runOnlyForDeploymentPostprocessing = 0;
		};
		A22690341962E2F800291D7A /* Sources */ = {
			isa = PBXSourcesBuildPhase;
			buildActionMask = 2147483647;
			files = (
				A2FC316019911EE800B7EDFD /* Bitcoin.swift in Sources */,
				A226905A1962E41500291D7A /* ECKey.swift in Sources */,
				A2FC3165199124CD00B7EDFD /* BitcoinTestnet.swift in Sources */,
				A22FAE3D1998EAA300B50398 /* TransactionScript.swift in Sources */,
				A226906A1962E51700291D7A /* CoinKey.swift in Sources */,
			);
			runOnlyForDeploymentPostprocessing = 0;
		};
		A2532341196AA66800A58B0D /* Sources */ = {
			isa = PBXSourcesBuildPhase;
			buildActionMask = 2147483647;
			files = (
				A2FC316119911EE800B7EDFD /* Bitcoin.swift in Sources */,
				A2532367196AA7A800A58B0D /* CoinKey.swift in Sources */,
				A2FC3166199124CD00B7EDFD /* BitcoinTestnet.swift in Sources */,
				A2532368196AA7AA00A58B0D /* ECKey.swift in Sources */,
			);
			runOnlyForDeploymentPostprocessing = 0;
		};
/* End PBXSourcesBuildPhase section */

/* Begin PBXTargetDependency section */
		A2230F97197E8C4F003C178C /* PBXTargetDependency */ = {
			isa = PBXTargetDependency;
			target = A2532345196AA66800A58B0D /* CryptoCoinMac */;
			targetProxy = A2230F96197E8C4F003C178C /* PBXContainerItemProxy */;
		};
		A27564EB198E35D400284307 /* PBXTargetDependency */ = {
			isa = PBXTargetDependency;
			target = A2532345196AA66800A58B0D /* CryptoCoinMac */;
			targetProxy = A27564EA198E35D400284307 /* PBXContainerItemProxy */;
		};
		A27564ED198E35D400284307 /* PBXTargetDependency */ = {
			isa = PBXTargetDependency;
			target = A2532345196AA66800A58B0D /* CryptoCoinMac */;
			targetProxy = A27564EC198E35D400284307 /* PBXContainerItemProxy */;
		};
		A28214721992D29A000D6709 /* PBXTargetDependency */ = {
			isa = PBXTargetDependency;
			target = A2532345196AA66800A58B0D /* CryptoCoinMac */;
			targetProxy = A28214711992D29A000D6709 /* PBXContainerItemProxy */;
		};
/* End PBXTargetDependency section */

/* Begin XCBuildConfiguration section */
		A203519A196D952E008389D7 /* Debug */ = {
			isa = XCBuildConfiguration;
			buildSettings = {
				FRAMEWORK_SEARCH_PATHS = (
					"$(inherited)",
					"$(USER_LIBRARY_DIR)/Developer/Xcode/DerivedData/CryptoCoin-cadqtkjddyxnvifzywgwuowujdvv/Build/Products/Release",
					"$(PROJECT_DIR)/CoinKey/ECKey/ECurve/UInt256/build/Fast",
					"$(PROJECT_DIR)/CoinKey/ECKey/ECurve/build/Fast",
					"$(USER_LIBRARY_DIR)/Developer/Xcode/DerivedData/CryptoCoin-cadqtkjddyxnvifzywgwuowujdvv/Build/Products/Debug",
					"$(PROJECT_DIR)/CoinKey/SHA256-Swift/build/Debug",
					"$(PROJECT_DIR)/CoinKey/ECKey/ECurve/build/Debug",
				);
				GCC_PREPROCESSOR_DEFINITIONS = (
					"DEBUG=1",
					"$(inherited)",
				);
				MACOSX_DEPLOYMENT_TARGET = 10.9;
				MTL_ENABLE_DEBUG_INFO = YES;
				PRODUCT_NAME = "$(TARGET_NAME)";
				SDKROOT = macosx;
				SWIFT_INCLUDE_PATHS = "CoinKey/SHA256-Swift/CommonCrypto";
			};
			name = Debug;
		};
		A203519B196D952E008389D7 /* Release */ = {
			isa = XCBuildConfiguration;
			buildSettings = {
				DEBUG_INFORMATION_FORMAT = "dwarf-with-dsym";
				FRAMEWORK_SEARCH_PATHS = (
					"$(inherited)",
					"$(USER_LIBRARY_DIR)/Developer/Xcode/DerivedData/CryptoCoin-cadqtkjddyxnvifzywgwuowujdvv/Build/Products/Release",
					"$(PROJECT_DIR)/CoinKey/ECKey/ECurve/UInt256/build/Fast",
					"$(PROJECT_DIR)/CoinKey/ECKey/ECurve/build/Fast",
					"$(USER_LIBRARY_DIR)/Developer/Xcode/DerivedData/CryptoCoin-cadqtkjddyxnvifzywgwuowujdvv/Build/Products/Debug",
					"$(PROJECT_DIR)/CoinKey/SHA256-Swift/build/Debug",
					"$(PROJECT_DIR)/CoinKey/ECKey/ECurve/build/Debug",
				);
				MACOSX_DEPLOYMENT_TARGET = 10.9;
				MTL_ENABLE_DEBUG_INFO = NO;
				PRODUCT_NAME = "$(TARGET_NAME)";
				SDKROOT = macosx;
				SWIFT_INCLUDE_PATHS = "CoinKey/SHA256-Swift/CommonCrypto";
			};
			name = Release;
		};
		A203519C196D952E008389D7 /* Fast */ = {
			isa = XCBuildConfiguration;
			buildSettings = {
				DEBUG_INFORMATION_FORMAT = "dwarf-with-dsym";
				FRAMEWORK_SEARCH_PATHS = (
					"$(inherited)",
					"$(USER_LIBRARY_DIR)/Developer/Xcode/DerivedData/CryptoCoin-cadqtkjddyxnvifzywgwuowujdvv/Build/Products/Release",
					"$(PROJECT_DIR)/CoinKey/ECKey/ECurve/UInt256/build/Fast",
					"$(PROJECT_DIR)/CoinKey/ECKey/ECurve/build/Fast",
					"$(USER_LIBRARY_DIR)/Developer/Xcode/DerivedData/CryptoCoin-cadqtkjddyxnvifzywgwuowujdvv/Build/Products/Debug",
					"$(PROJECT_DIR)/CoinKey/SHA256-Swift/build/Debug",
					"$(PROJECT_DIR)/CoinKey/ECKey/ECurve/build/Debug",
				);
				GCC_OPTIMIZATION_LEVEL = fast;
				MACOSX_DEPLOYMENT_TARGET = 10.9;
				MTL_ENABLE_DEBUG_INFO = NO;
				PRODUCT_NAME = "$(TARGET_NAME)";
				SDKROOT = macosx;
				SWIFT_INCLUDE_PATHS = "CoinKey/SHA256-Swift/CommonCrypto";
				SWIFT_OPTIMIZATION_LEVEL = "-Onone";
			};
			name = Fast;
		};
		A2230F99197E8C4F003C178C /* Debug */ = {
			isa = XCBuildConfiguration;
			buildSettings = {
				COMBINE_HIDPI_IMAGES = YES;
				FRAMEWORK_SEARCH_PATHS = (
					"$(DEVELOPER_FRAMEWORKS_DIR)",
					"$(inherited)",
				);
				GCC_PREPROCESSOR_DEFINITIONS = (
					"DEBUG=1",
					"$(inherited)",
				);
				INFOPLIST_FILE = "CryptoCoin Mac Tests/Info.plist";
				LD_RUNPATH_SEARCH_PATHS = "$(inherited) @executable_path/../Frameworks @loader_path/../Frameworks";
				MACOSX_DEPLOYMENT_TARGET = 10.9;
				MTL_ENABLE_DEBUG_INFO = YES;
				PRODUCT_NAME = "$(TARGET_NAME)";
				SDKROOT = macosx;
				SWIFT_INCLUDE_PATHS = "CoinKey/SHA256-Swift/CommonCrypto";
			};
			name = Debug;
		};
		A2230F9A197E8C4F003C178C /* Release */ = {
			isa = XCBuildConfiguration;
			buildSettings = {
				COMBINE_HIDPI_IMAGES = YES;
				DEBUG_INFORMATION_FORMAT = "dwarf-with-dsym";
				FRAMEWORK_SEARCH_PATHS = (
					"$(DEVELOPER_FRAMEWORKS_DIR)",
					"$(inherited)",
				);
				INFOPLIST_FILE = "CryptoCoin Mac Tests/Info.plist";
				LD_RUNPATH_SEARCH_PATHS = "$(inherited) @executable_path/../Frameworks @loader_path/../Frameworks";
				MACOSX_DEPLOYMENT_TARGET = 10.9;
				MTL_ENABLE_DEBUG_INFO = NO;
				PRODUCT_NAME = "$(TARGET_NAME)";
				SDKROOT = macosx;
				SWIFT_INCLUDE_PATHS = "CoinKey/SHA256-Swift/CommonCrypto";
			};
			name = Release;
		};
		A2230F9B197E8C4F003C178C /* Fast */ = {
			isa = XCBuildConfiguration;
			buildSettings = {
				COMBINE_HIDPI_IMAGES = YES;
				DEBUG_INFORMATION_FORMAT = "dwarf-with-dsym";
				FRAMEWORK_SEARCH_PATHS = (
					"$(DEVELOPER_FRAMEWORKS_DIR)",
					"$(inherited)",
				);
				INFOPLIST_FILE = "CryptoCoin Mac Tests/Info.plist";
				LD_RUNPATH_SEARCH_PATHS = "$(inherited) @executable_path/../Frameworks @loader_path/../Frameworks";
				MACOSX_DEPLOYMENT_TARGET = 10.9;
				MTL_ENABLE_DEBUG_INFO = NO;
				PRODUCT_NAME = "$(TARGET_NAME)";
				SDKROOT = macosx;
				SWIFT_INCLUDE_PATHS = "CoinKey/SHA256-Swift/CommonCrypto";
				SWIFT_OPTIMIZATION_LEVEL = "-Ofast";
			};
			name = Fast;
		};
		A226904D1962E2F800291D7A /* Debug */ = {
			isa = XCBuildConfiguration;
			buildSettings = {
				ALWAYS_SEARCH_USER_PATHS = NO;
				CLANG_CXX_LANGUAGE_STANDARD = "gnu++0x";
				CLANG_CXX_LIBRARY = "libc++";
				CLANG_ENABLE_MODULES = YES;
				CLANG_ENABLE_OBJC_ARC = YES;
				CLANG_WARN_BOOL_CONVERSION = YES;
				CLANG_WARN_CONSTANT_CONVERSION = YES;
				CLANG_WARN_DIRECT_OBJC_ISA_USAGE = YES_ERROR;
				CLANG_WARN_EMPTY_BODY = YES;
				CLANG_WARN_ENUM_CONVERSION = YES;
				CLANG_WARN_INT_CONVERSION = YES;
				CLANG_WARN_OBJC_ROOT_CLASS = YES_ERROR;
				CLANG_WARN_UNREACHABLE_CODE = YES;
				CLANG_WARN__DUPLICATE_METHOD_MATCH = YES;
				"CODE_SIGN_IDENTITY[sdk=iphoneos*]" = "iPhone Developer";
				COPY_PHASE_STRIP = NO;
				CURRENT_PROJECT_VERSION = 1;
				ENABLE_STRICT_OBJC_MSGSEND = YES;
				GCC_C_LANGUAGE_STANDARD = gnu99;
				GCC_DYNAMIC_NO_PIC = NO;
				GCC_OPTIMIZATION_LEVEL = 0;
				GCC_PREPROCESSOR_DEFINITIONS = (
					"DEBUG=1",
					"$(inherited)",
				);
				GCC_SYMBOLS_PRIVATE_EXTERN = NO;
				GCC_WARN_64_TO_32_BIT_CONVERSION = YES;
				GCC_WARN_ABOUT_RETURN_TYPE = YES_ERROR;
				GCC_WARN_UNDECLARED_SELECTOR = YES;
				GCC_WARN_UNINITIALIZED_AUTOS = YES_AGGRESSIVE;
				GCC_WARN_UNUSED_FUNCTION = YES;
				GCC_WARN_UNUSED_VARIABLE = YES;
				IPHONEOS_DEPLOYMENT_TARGET = 8.0;
				METAL_ENABLE_DEBUG_INFO = YES;
				ONLY_ACTIVE_ARCH = YES;
				SDKROOT = iphoneos;
				SWIFT_OPTIMIZATION_LEVEL = "-Onone";
				TARGETED_DEVICE_FAMILY = "1,2";
				VERSIONING_SYSTEM = "apple-generic";
				VERSION_INFO_PREFIX = "";
			};
			name = Debug;
		};
		A226904E1962E2F800291D7A /* Release */ = {
			isa = XCBuildConfiguration;
			buildSettings = {
				ALWAYS_SEARCH_USER_PATHS = NO;
				CLANG_CXX_LANGUAGE_STANDARD = "gnu++0x";
				CLANG_CXX_LIBRARY = "libc++";
				CLANG_ENABLE_MODULES = YES;
				CLANG_ENABLE_OBJC_ARC = YES;
				CLANG_WARN_BOOL_CONVERSION = YES;
				CLANG_WARN_CONSTANT_CONVERSION = YES;
				CLANG_WARN_DIRECT_OBJC_ISA_USAGE = YES_ERROR;
				CLANG_WARN_EMPTY_BODY = YES;
				CLANG_WARN_ENUM_CONVERSION = YES;
				CLANG_WARN_INT_CONVERSION = YES;
				CLANG_WARN_OBJC_ROOT_CLASS = YES_ERROR;
				CLANG_WARN_UNREACHABLE_CODE = YES;
				CLANG_WARN__DUPLICATE_METHOD_MATCH = YES;
				"CODE_SIGN_IDENTITY[sdk=iphoneos*]" = "iPhone Developer";
				COPY_PHASE_STRIP = YES;
				CURRENT_PROJECT_VERSION = 1;
				ENABLE_NS_ASSERTIONS = NO;
				ENABLE_STRICT_OBJC_MSGSEND = YES;
				GCC_C_LANGUAGE_STANDARD = gnu99;
				GCC_WARN_64_TO_32_BIT_CONVERSION = YES;
				GCC_WARN_ABOUT_RETURN_TYPE = YES_ERROR;
				GCC_WARN_UNDECLARED_SELECTOR = YES;
				GCC_WARN_UNINITIALIZED_AUTOS = YES_AGGRESSIVE;
				GCC_WARN_UNUSED_FUNCTION = YES;
				GCC_WARN_UNUSED_VARIABLE = YES;
				IPHONEOS_DEPLOYMENT_TARGET = 8.0;
				METAL_ENABLE_DEBUG_INFO = NO;
				SDKROOT = iphoneos;
				TARGETED_DEVICE_FAMILY = "1,2";
				VALIDATE_PRODUCT = YES;
				VERSIONING_SYSTEM = "apple-generic";
				VERSION_INFO_PREFIX = "";
			};
			name = Release;
		};
		A22690501962E2F800291D7A /* Debug */ = {
			isa = XCBuildConfiguration;
			buildSettings = {
				CLANG_ENABLE_MODULES = YES;
				"CODE_SIGN_IDENTITY[sdk=iphoneos*]" = "iPhone Developer: Sjors Provoost (TB5C4TJ39S)";
				DEFINES_MODULE = YES;
				DYLIB_COMPATIBILITY_VERSION = 1;
				DYLIB_CURRENT_VERSION = 1;
				DYLIB_INSTALL_NAME_BASE = "@rpath";
				FRAMEWORK_SEARCH_PATHS = (
					"$(inherited)",
					"$(PROJECT_DIR)/CoinKey/RIPEMD-Swift/build/Debug-iphoneos",
					"$(PROJECT_DIR)/CoinKey/SHA256-Swift/build/Debug-iphoneos",
				);
				INFOPLIST_FILE = CryptoCoin/Info.plist;
				INSTALL_PATH = "$(LOCAL_LIBRARY_DIR)/Frameworks";
				LD_RUNPATH_SEARCH_PATHS = "$(inherited) @executable_path/Frameworks @loader_path/Frameworks";
				LIBRARY_SEARCH_PATHS = (
					"$(inherited)",
					"$(SDKROOT)/usr/lib/system",
				);
				PRODUCT_NAME = "$(TARGET_NAME)";
				SKIP_INSTALL = YES;
				SWIFT_INCLUDE_PATHS = "CoinKey/SHA256-Swift/CommonCrypto";
				SWIFT_OPTIMIZATION_LEVEL = "-Onone";
			};
			name = Debug;
		};
		A22690511962E2F800291D7A /* Release */ = {
			isa = XCBuildConfiguration;
			buildSettings = {
				CLANG_ENABLE_MODULES = YES;
				DEFINES_MODULE = YES;
				DYLIB_COMPATIBILITY_VERSION = 1;
				DYLIB_CURRENT_VERSION = 1;
				DYLIB_INSTALL_NAME_BASE = "@rpath";
				FRAMEWORK_SEARCH_PATHS = (
					"$(inherited)",
					"$(PROJECT_DIR)/CoinKey/RIPEMD-Swift/build/Debug-iphoneos",
					"$(PROJECT_DIR)/CoinKey/SHA256-Swift/build/Debug-iphoneos",
				);
				INFOPLIST_FILE = CryptoCoin/Info.plist;
				INSTALL_PATH = "$(LOCAL_LIBRARY_DIR)/Frameworks";
				LD_RUNPATH_SEARCH_PATHS = "$(inherited) @executable_path/Frameworks @loader_path/Frameworks";
				LIBRARY_SEARCH_PATHS = (
					"$(inherited)",
					"$(SDKROOT)/usr/lib/system",
				);
				PRODUCT_NAME = "$(TARGET_NAME)";
				SKIP_INSTALL = YES;
				SWIFT_INCLUDE_PATHS = "CoinKey/SHA256-Swift/CommonCrypto";
			};
			name = Release;
		};
		A2532359196AA66800A58B0D /* Debug */ = {
			isa = XCBuildConfiguration;
			buildSettings = {
				CLANG_ENABLE_MODULES = YES;
				"CODE_SIGN_IDENTITY[sdk=iphoneos*]" = "";
				COMBINE_HIDPI_IMAGES = YES;
				DEFINES_MODULE = YES;
				DYLIB_COMPATIBILITY_VERSION = 1;
				DYLIB_CURRENT_VERSION = 1;
				DYLIB_INSTALL_NAME_BASE = "@rpath";
				FRAMEWORK_SEARCH_PATHS = (
					"$(inherited)",
					"$(PROJECT_DIR)/CoinKey/ECKey/ECurve/build/Debug",
					"$(PROJECT_DIR)/CoinKey/ECKey/ECurve/UInt256/build/Debug",
					"$(USER_LIBRARY_DIR)/Developer/Xcode/DerivedData/CryptoCoin-cadqtkjddyxnvifzywgwuowujdvv/Build/Products/Debug",
					"$(PROJECT_DIR)/CoinKey/ECKey/ECurve/UInt256/build/Fast",
					"$(PROJECT_DIR)/CoinKey/ECKey/ECurve/build/Fast",
					"$(PROJECT_DIR)/CoinKey/SHA256-Swift/build/Debug",
					"$(PROJECT_DIR)/CoinKey/RIPEMD-Swift/build/Debug",
				);
				FRAMEWORK_VERSION = A;
				GCC_PREPROCESSOR_DEFINITIONS = (
					"DEBUG=1",
					"$(inherited)",
				);
				INFOPLIST_FILE = CryptoCoinMac/Info.plist;
				INSTALL_PATH = "$(LOCAL_LIBRARY_DIR)/Frameworks";
				LD_RUNPATH_SEARCH_PATHS = "$(inherited) @executable_path/../Frameworks @loader_path/../Frameworks";
				LIBRARY_SEARCH_PATHS = (
					"$(inherited)",
					"$(SDKROOT)/usr/lib/system",
				);
				MACOSX_DEPLOYMENT_TARGET = 10.9;
				METAL_ENABLE_DEBUG_INFO = YES;
				PRODUCT_NAME = CryptoCoin;
				SDKROOT = macosx;
				SKIP_INSTALL = YES;
				SWIFT_INCLUDE_PATHS = "CoinKey/SHA256-Swift/CommonCrypto";
				SWIFT_OBJC_BRIDGING_HEADER = "";
				SWIFT_OPTIMIZATION_LEVEL = "-Onone";
			};
			name = Debug;
		};
		A253235A196AA66800A58B0D /* Release */ = {
			isa = XCBuildConfiguration;
			buildSettings = {
				CLANG_ENABLE_MODULES = YES;
				"CODE_SIGN_IDENTITY[sdk=iphoneos*]" = "";
				COMBINE_HIDPI_IMAGES = YES;
				DEBUG_INFORMATION_FORMAT = "dwarf-with-dsym";
				DEFINES_MODULE = YES;
				DYLIB_COMPATIBILITY_VERSION = 1;
				DYLIB_CURRENT_VERSION = 1;
				DYLIB_INSTALL_NAME_BASE = "@rpath";
				FRAMEWORK_SEARCH_PATHS = (
					"$(inherited)",
					"$(PROJECT_DIR)/CoinKey/ECKey/ECurve/build/Debug",
					"$(PROJECT_DIR)/CoinKey/ECKey/ECurve/UInt256/build/Debug",
					"$(USER_LIBRARY_DIR)/Developer/Xcode/DerivedData/CryptoCoin-cadqtkjddyxnvifzywgwuowujdvv/Build/Products/Debug",
					"$(PROJECT_DIR)/CoinKey/ECKey/ECurve/UInt256/build/Fast",
					"$(PROJECT_DIR)/CoinKey/ECKey/ECurve/build/Fast",
					"$(PROJECT_DIR)/CoinKey/SHA256-Swift/build/Debug",
					"$(PROJECT_DIR)/CoinKey/RIPEMD-Swift/build/Debug",
				);
				FRAMEWORK_VERSION = A;
				INFOPLIST_FILE = CryptoCoinMac/Info.plist;
				INSTALL_PATH = "$(LOCAL_LIBRARY_DIR)/Frameworks";
				LD_RUNPATH_SEARCH_PATHS = "$(inherited) @executable_path/../Frameworks @loader_path/../Frameworks";
				LIBRARY_SEARCH_PATHS = (
					"$(inherited)",
					"$(SDKROOT)/usr/lib/system",
				);
				MACOSX_DEPLOYMENT_TARGET = 10.9;
				METAL_ENABLE_DEBUG_INFO = NO;
				PRODUCT_NAME = CryptoCoin;
				SDKROOT = macosx;
				SKIP_INSTALL = YES;
				SWIFT_INCLUDE_PATHS = "CoinKey/SHA256-Swift/CommonCrypto";
				SWIFT_OBJC_BRIDGING_HEADER = "";
			};
			name = Release;
		};
		A253236D196AA96C00A58B0D /* Fast */ = {
			isa = XCBuildConfiguration;
			buildSettings = {
				ALWAYS_SEARCH_USER_PATHS = NO;
				CLANG_CXX_LANGUAGE_STANDARD = "gnu++0x";
				CLANG_CXX_LIBRARY = "libc++";
				CLANG_ENABLE_MODULES = YES;
				CLANG_ENABLE_OBJC_ARC = YES;
				CLANG_WARN_BOOL_CONVERSION = YES;
				CLANG_WARN_CONSTANT_CONVERSION = YES;
				CLANG_WARN_DIRECT_OBJC_ISA_USAGE = YES_ERROR;
				CLANG_WARN_EMPTY_BODY = YES;
				CLANG_WARN_ENUM_CONVERSION = YES;
				CLANG_WARN_INT_CONVERSION = YES;
				CLANG_WARN_OBJC_ROOT_CLASS = YES_ERROR;
				CLANG_WARN_UNREACHABLE_CODE = YES;
				CLANG_WARN__DUPLICATE_METHOD_MATCH = YES;
				"CODE_SIGN_IDENTITY[sdk=iphoneos*]" = "iPhone Developer";
				COPY_PHASE_STRIP = YES;
				CURRENT_PROJECT_VERSION = 1;
				ENABLE_NS_ASSERTIONS = NO;
				ENABLE_STRICT_OBJC_MSGSEND = YES;
				GCC_C_LANGUAGE_STANDARD = gnu99;
				GCC_WARN_64_TO_32_BIT_CONVERSION = YES;
				GCC_WARN_ABOUT_RETURN_TYPE = YES_ERROR;
				GCC_WARN_UNDECLARED_SELECTOR = YES;
				GCC_WARN_UNINITIALIZED_AUTOS = YES_AGGRESSIVE;
				GCC_WARN_UNUSED_FUNCTION = YES;
				GCC_WARN_UNUSED_VARIABLE = YES;
				IPHONEOS_DEPLOYMENT_TARGET = 8.0;
				METAL_ENABLE_DEBUG_INFO = NO;
				SDKROOT = iphoneos;
				TARGETED_DEVICE_FAMILY = "1,2";
				VALIDATE_PRODUCT = YES;
				VERSIONING_SYSTEM = "apple-generic";
				VERSION_INFO_PREFIX = "";
			};
			name = Fast;
		};
		A253236E196AA96C00A58B0D /* Fast */ = {
			isa = XCBuildConfiguration;
			buildSettings = {
				CLANG_ENABLE_MODULES = YES;
				"CODE_SIGN_IDENTITY[sdk=iphoneos*]" = "iPhone Developer: Sjors Provoost (TB5C4TJ39S)";
				DEFINES_MODULE = YES;
				DYLIB_COMPATIBILITY_VERSION = 1;
				DYLIB_CURRENT_VERSION = 1;
				DYLIB_INSTALL_NAME_BASE = "@rpath";
				FRAMEWORK_SEARCH_PATHS = (
					"$(inherited)",
					"$(PROJECT_DIR)/CoinKey/RIPEMD-Swift/build/Debug-iphoneos",
					"$(PROJECT_DIR)/CoinKey/SHA256-Swift/build/Debug-iphoneos",
				);
				GCC_OPTIMIZATION_LEVEL = fast;
				INFOPLIST_FILE = CryptoCoin/Info.plist;
				INSTALL_PATH = "$(LOCAL_LIBRARY_DIR)/Frameworks";
				LD_RUNPATH_SEARCH_PATHS = "$(inherited) @executable_path/Frameworks @loader_path/Frameworks";
				LIBRARY_SEARCH_PATHS = (
					"$(inherited)",
					"$(SDKROOT)/usr/lib/system",
				);
				PRODUCT_NAME = "$(TARGET_NAME)";
				SKIP_INSTALL = YES;
				SWIFT_INCLUDE_PATHS = "CoinKey/SHA256-Swift/CommonCrypto";
			};
			name = Fast;
		};
		A2532370196AA96C00A58B0D /* Fast */ = {
			isa = XCBuildConfiguration;
			buildSettings = {
				CLANG_ENABLE_MODULES = YES;
				"CODE_SIGN_IDENTITY[sdk=iphoneos*]" = "";
				COMBINE_HIDPI_IMAGES = YES;
				DEBUG_INFORMATION_FORMAT = "dwarf-with-dsym";
				DEFINES_MODULE = YES;
				DYLIB_COMPATIBILITY_VERSION = 1;
				DYLIB_CURRENT_VERSION = 1;
				DYLIB_INSTALL_NAME_BASE = "@rpath";
				FRAMEWORK_SEARCH_PATHS = (
					"$(inherited)",
					"$(PROJECT_DIR)/CoinKey/ECKey/ECurve/build/Debug",
					"$(PROJECT_DIR)/CoinKey/ECKey/ECurve/UInt256/build/Debug",
					"$(USER_LIBRARY_DIR)/Developer/Xcode/DerivedData/CryptoCoin-cadqtkjddyxnvifzywgwuowujdvv/Build/Products/Debug",
					"$(PROJECT_DIR)/CoinKey/ECKey/ECurve/UInt256/build/Fast",
					"$(PROJECT_DIR)/CoinKey/ECKey/ECurve/build/Fast",
					"$(PROJECT_DIR)/CoinKey/SHA256-Swift/build/Debug",
					"$(PROJECT_DIR)/CoinKey/RIPEMD-Swift/build/Debug",
				);
				FRAMEWORK_VERSION = A;
				GCC_OPTIMIZATION_LEVEL = fast;
				INFOPLIST_FILE = CryptoCoinMac/Info.plist;
				INSTALL_PATH = "$(LOCAL_LIBRARY_DIR)/Frameworks";
				LD_RUNPATH_SEARCH_PATHS = "$(inherited) @executable_path/../Frameworks @loader_path/../Frameworks";
				LIBRARY_SEARCH_PATHS = (
					"$(inherited)",
					"$(SDKROOT)/usr/lib/system",
				);
				MACOSX_DEPLOYMENT_TARGET = 10.9;
				METAL_ENABLE_DEBUG_INFO = NO;
				PRODUCT_NAME = CryptoCoin;
				SDKROOT = macosx;
				SKIP_INSTALL = YES;
				SWIFT_INCLUDE_PATHS = "CoinKey/SHA256-Swift/CommonCrypto";
				SWIFT_OBJC_BRIDGING_HEADER = "";
				SWIFT_OPTIMIZATION_LEVEL = "-Ounchecked";
			};
			name = Fast;
		};
/* End XCBuildConfiguration section */

/* Begin XCConfigurationList section */
		A2035199196D952E008389D7 /* Build configuration list for PBXNativeTarget "DemoMac" */ = {
			isa = XCConfigurationList;
			buildConfigurations = (
				A203519A196D952E008389D7 /* Debug */,
				A203519B196D952E008389D7 /* Release */,
				A203519C196D952E008389D7 /* Fast */,
			);
			defaultConfigurationIsVisible = 0;
			defaultConfigurationName = Release;
		};
		A2230F98197E8C4F003C178C /* Build configuration list for PBXNativeTarget "CryptoCoin Mac Tests" */ = {
			isa = XCConfigurationList;
			buildConfigurations = (
				A2230F99197E8C4F003C178C /* Debug */,
				A2230F9A197E8C4F003C178C /* Release */,
				A2230F9B197E8C4F003C178C /* Fast */,
			);
			defaultConfigurationIsVisible = 0;
			defaultConfigurationName = Release;
		};
		A22690331962E2F800291D7A /* Build configuration list for PBXProject "CryptoCoin" */ = {
			isa = XCConfigurationList;
			buildConfigurations = (
				A226904D1962E2F800291D7A /* Debug */,
				A226904E1962E2F800291D7A /* Release */,
				A253236D196AA96C00A58B0D /* Fast */,
			);
			defaultConfigurationIsVisible = 0;
			defaultConfigurationName = Release;
		};
		A226904F1962E2F800291D7A /* Build configuration list for PBXNativeTarget "CryptoCoin-iOs" */ = {
			isa = XCConfigurationList;
			buildConfigurations = (
				A22690501962E2F800291D7A /* Debug */,
				A22690511962E2F800291D7A /* Release */,
				A253236E196AA96C00A58B0D /* Fast */,
			);
			defaultConfigurationIsVisible = 0;
			defaultConfigurationName = Release;
		};
		A253235D196AA66800A58B0D /* Build configuration list for PBXNativeTarget "CryptoCoinMac" */ = {
			isa = XCConfigurationList;
			buildConfigurations = (
				A2532359196AA66800A58B0D /* Debug */,
				A253235A196AA66800A58B0D /* Release */,
				A2532370196AA96C00A58B0D /* Fast */,
			);
			defaultConfigurationIsVisible = 0;
			defaultConfigurationName = Release;
		};
/* End XCConfigurationList section */
	};
	rootObject = A22690301962E2F800291D7A /* Project object */;
}
